
Microsoft Visual Studio Solution File, Format Version 12.00
# Visual Studio Version 17
VisualStudioVersion = 17.11.35208.52
MinimumVisualStudioVersion = 10.0.40219.1
Project("{FAE04EC0-301F-11D3-BF4B-00C04F79EFBC}") = "Week3", "Week3\Week3.csproj", "{F8DE4B66-E36A-4C46-8375-B716D5870144}"
EndProject
Global
	GlobalSection(SolutionConfigurationPlatforms) = preSolution
		Debug|Any CPU = Debug|Any CPU
		Release|Any CPU = Release|Any CPU
	EndGlobalSection
	GlobalSection(ProjectConfigurationPlatforms) = postSolution
		{F8DE4B66-E36A-4C46-8375-B716D5870144}.Debug|Any CPU.ActiveCfg = Debug|Any CPU
		{F8DE4B66-E36A-4C46-8375-B716D5870144}.Debug|Any CPU.Build.0 = Debug|Any CPU
		{F8DE4B66-E36A-4C46-8375-B716D5870144}.Release|Any CPU.ActiveCfg = Release|Any CPU
		{F8DE4B66-E36A-4C46-8375-B716D5870144}.Release|Any CPU.Build.0 = Release|Any CPU
	EndGlobalSection
	GlobalSection(SolutionProperties) = preSolution
		HideSolutionNode = FALSE
	EndGlobalSection
	GlobalSection(ExtensibilityGlobals) = postSolution
		SolutionGuid = {ADBA619A-CFA0-455D-A1AF-171D693FD0CE}
	EndGlobalSection
EndGlobal
